
Microsoft Visual Studio Solution File, Format Version 12.00
# Visual Studio Version 16
VisualStudioVersion = 16.0.29905.134
MinimumVisualStudioVersion = 10.0.40219.1
Project("{FAE04EC0-301F-11D3-BF4B-00C04F79EFBC}") = "IdentityServer", "IdentityServer\IdentityServer.csproj", "{33EA953A-10D8-4A5F-B50F-2725CA363EB5}"
EndProject
Project("{FAE04EC0-301F-11D3-BF4B-00C04F79EFBC}") = "ApiOne", "ApiOne\ApiOne.csproj", "{41008904-6EB1-45BD-8B29-F470C73DA806}"
EndProject
Project("{FAE04EC0-301F-11D3-BF4B-00C04F79EFBC}") = "ApiTwo", "ApiTwo\ApiTwo.csproj", "{C864D0EE-9BC8-4902-9E19-12FA459A1440}"
EndProject
Project("{FAE04EC0-301F-11D3-BF4B-00C04F79EFBC}") = "MvcClient", "MvcClient\MvcClient.csproj", "{3266316B-0042-4FB6-A9E0-FC81F36922DA}"
EndProject
Project("{FAE04EC0-301F-11D3-BF4B-00C04F79EFBC}") = "JavascriptClient", "JavascriptClient\JavascriptClient.csproj", "{FAC4A67F-4F24-4472-A714-7E4186EB7922}"
EndProject
Global
	GlobalSection(SolutionConfigurationPlatforms) = preSolution
		Debug|Any CPU = Debug|Any CPU
		Release|Any CPU = Release|Any CPU
	EndGlobalSection
	GlobalSection(ProjectConfigurationPlatforms) = postSolution
		{33EA953A-10D8-4A5F-B50F-2725CA363EB5}.Debug|Any CPU.ActiveCfg = Debug|Any CPU
		{33EA953A-10D8-4A5F-B50F-2725CA363EB5}.Debug|Any CPU.Build.0 = Debug|Any CPU
		{33EA953A-10D8-4A5F-B50F-2725CA363EB5}.Release|Any CPU.ActiveCfg = Release|Any CPU
		{33EA953A-10D8-4A5F-B50F-2725CA363EB5}.Release|Any CPU.Build.0 = Release|Any CPU
		{41008904-6EB1-45BD-8B29-F470C73DA806}.Debug|Any CPU.ActiveCfg = Debug|Any CPU
		{41008904-6EB1-45BD-8B29-F470C73DA806}.Debug|Any CPU.Build.0 = Debug|Any CPU
		{41008904-6EB1-45BD-8B29-F470C73DA806}.Release|Any CPU.ActiveCfg = Release|Any CPU
		{41008904-6EB1-45BD-8B29-F470C73DA806}.Release|Any CPU.Build.0 = Release|Any CPU
		{C864D0EE-9BC8-4902-9E19-12FA459A1440}.Debug|Any CPU.ActiveCfg = Debug|Any CPU
		{C864D0EE-9BC8-4902-9E19-12FA459A1440}.Debug|Any CPU.Build.0 = Debug|Any CPU
		{C864D0EE-9BC8-4902-9E19-12FA459A1440}.Release|Any CPU.ActiveCfg = Release|Any CPU
		{C864D0EE-9BC8-4902-9E19-12FA459A1440}.Release|Any CPU.Build.0 = Release|Any CPU
		{3266316B-0042-4FB6-A9E0-FC81F36922DA}.Debug|Any CPU.ActiveCfg = Debug|Any CPU
		{3266316B-0042-4FB6-A9E0-FC81F36922DA}.Debug|Any CPU.Build.0 = Debug|Any CPU
		{3266316B-0042-4FB6-A9E0-FC81F36922DA}.Release|Any CPU.ActiveCfg = Release|Any CPU
		{3266316B-0042-4FB6-A9E0-FC81F36922DA}.Release|Any CPU.Build.0 = Release|Any CPU
		{FAC4A67F-4F24-4472-A714-7E4186EB7922}.Debug|Any CPU.ActiveCfg = Debug|Any CPU
		{FAC4A67F-4F24-4472-A714-7E4186EB7922}.Debug|Any CPU.Build.0 = Debug|Any CPU
		{FAC4A67F-4F24-4472-A714-7E4186EB7922}.Release|Any CPU.ActiveCfg = Release|Any CPU
		{FAC4A67F-4F24-4472-A714-7E4186EB7922}.Release|Any CPU.Build.0 = Release|Any CPU
	EndGlobalSection
	GlobalSection(SolutionProperties) = preSolution
		HideSolutionNode = FALSE
	EndGlobalSection
	GlobalSection(ExtensibilityGlobals) = postSolution
		SolutionGuid = {3D682ABF-4C61-4124-8D7C-7AC492165DA1}
	EndGlobalSection
EndGlobal
